
Microsoft Visual Studio Solution File, Format Version 12.00
# Visual Studio Version 17
VisualStudioVersion = 17.6.33723.286
MinimumVisualStudioVersion = 10.0.40219.1
Project("{FAE04EC0-301F-11D3-BF4B-00C04F79EFBC}") = "String Builder", "String Builder\String Builder.csproj", "{77972F71-4B43-43B0-BD41-84235AC27513}"
EndProject
Global
	GlobalSection(SolutionConfigurationPlatforms) = preSolution
		Debug|Any CPU = Debug|Any CPU
		Release|Any CPU = Release|Any CPU
	EndGlobalSection
	GlobalSection(ProjectConfigurationPlatforms) = postSolution
		{77972F71-4B43-43B0-BD41-84235AC27513}.Debug|Any CPU.ActiveCfg = Debug|Any CPU
		{77972F71-4B43-43B0-BD41-84235AC27513}.Debug|Any CPU.Build.0 = Debug|Any CPU
		{77972F71-4B43-43B0-BD41-84235AC27513}.Release|Any CPU.ActiveCfg = Release|Any CPU
		{77972F71-4B43-43B0-BD41-84235AC27513}.Release|Any CPU.Build.0 = Release|Any CPU
	EndGlobalSection
	GlobalSection(SolutionProperties) = preSolution
		HideSolutionNode = FALSE
	EndGlobalSection
	GlobalSection(ExtensibilityGlobals) = postSolution
		SolutionGuid = {7A517C9C-07AF-4754-91E1-60FFDCD61135}
	EndGlobalSection
EndGlobal
